
Microsoft Visual Studio Solution File, Format Version 11.00
# Visual Studio 2010
Project("{FAE04EC0-301F-11D3-BF4B-00C04F79EFBC}") = "XGEWindows", "XGEWindows\XGEWindows.csproj", "{96E42BE4-140F-4C09-9515-50FB20C8D1FE}"
EndProject
Project("{FAE04EC0-301F-11D3-BF4B-00C04F79EFBC}") = "XGEXbox360", "XGEXbox360\XGEXbox360.csproj", "{35C349D8-6A2F-47D2-A14E-48AAE319F53A}"
EndProject
Project("{FAE04EC0-301F-11D3-BF4B-00C04F79EFBC}") = "XNEContentPipeline", "XNEContentPipeline\XNEContentPipeline.csproj", "{C545E35B-2DB7-433E-91A9-3899FF029E7C}"
EndProject
Project("{96E2B04D-8817-42C6-938A-82C39BA4D311}") = "XGEContent", "XGEContent\XGEContent.contentproj", "{EFB9947D-7E62-4D89-859E-0AC4191079B4}"
EndProject
Global
	GlobalSection(SolutionConfigurationPlatforms) = preSolution
		Debug|Any CPU = Debug|Any CPU
		Debug|Mixed Platforms = Debug|Mixed Platforms
		Debug|x86 = Debug|x86
		Debug|Xbox 360 = Debug|Xbox 360
		Release|Any CPU = Release|Any CPU
		Release|Mixed Platforms = Release|Mixed Platforms
		Release|x86 = Release|x86
		Release|Xbox 360 = Release|Xbox 360
	EndGlobalSection
	GlobalSection(ProjectConfigurationPlatforms) = postSolution
		{96E42BE4-140F-4C09-9515-50FB20C8D1FE}.Debug|Any CPU.ActiveCfg = Debug|x86
		{96E42BE4-140F-4C09-9515-50FB20C8D1FE}.Debug|Mixed Platforms.ActiveCfg = Debug|x86
		{96E42BE4-140F-4C09-9515-50FB20C8D1FE}.Debug|Mixed Platforms.Build.0 = Debug|x86
		{96E42BE4-140F-4C09-9515-50FB20C8D1FE}.Debug|x86.ActiveCfg = Debug|x86
		{96E42BE4-140F-4C09-9515-50FB20C8D1FE}.Debug|x86.Build.0 = Debug|x86
		{96E42BE4-140F-4C09-9515-50FB20C8D1FE}.Debug|Xbox 360.ActiveCfg = Debug|x86
		{96E42BE4-140F-4C09-9515-50FB20C8D1FE}.Debug|Xbox 360.Build.0 = Debug|x86
		{96E42BE4-140F-4C09-9515-50FB20C8D1FE}.Release|Any CPU.ActiveCfg = Release|x86
		{96E42BE4-140F-4C09-9515-50FB20C8D1FE}.Release|Mixed Platforms.ActiveCfg = Release|x86
		{96E42BE4-140F-4C09-9515-50FB20C8D1FE}.Release|Mixed Platforms.Build.0 = Release|x86
		{96E42BE4-140F-4C09-9515-50FB20C8D1FE}.Release|x86.ActiveCfg = Release|x86
		{96E42BE4-140F-4C09-9515-50FB20C8D1FE}.Release|x86.Build.0 = Release|x86
		{96E42BE4-140F-4C09-9515-50FB20C8D1FE}.Release|Xbox 360.ActiveCfg = Release|x86
		{96E42BE4-140F-4C09-9515-50FB20C8D1FE}.Release|Xbox 360.Build.0 = Release|x86
		{35C349D8-6A2F-47D2-A14E-48AAE319F53A}.Debug|Any CPU.ActiveCfg = Debug|Xbox 360
		{35C349D8-6A2F-47D2-A14E-48AAE319F53A}.Debug|Mixed Platforms.ActiveCfg = Debug|Xbox 360
		{35C349D8-6A2F-47D2-A14E-48AAE319F53A}.Debug|Mixed Platforms.Build.0 = Debug|Xbox 360
		{35C349D8-6A2F-47D2-A14E-48AAE319F53A}.Debug|x86.ActiveCfg = Debug|Xbox 360
		{35C349D8-6A2F-47D2-A14E-48AAE319F53A}.Debug|Xbox 360.ActiveCfg = Debug|Xbox 360
		{35C349D8-6A2F-47D2-A14E-48AAE319F53A}.Debug|Xbox 360.Build.0 = Debug|Xbox 360
		{35C349D8-6A2F-47D2-A14E-48AAE319F53A}.Release|Any CPU.ActiveCfg = Release|Xbox 360
		{35C349D8-6A2F-47D2-A14E-48AAE319F53A}.Release|Mixed Platforms.ActiveCfg = Release|Xbox 360
		{35C349D8-6A2F-47D2-A14E-48AAE319F53A}.Release|Mixed Platforms.Build.0 = Release|Xbox 360
		{35C349D8-6A2F-47D2-A14E-48AAE319F53A}.Release|x86.ActiveCfg = Release|Xbox 360
		{35C349D8-6A2F-47D2-A14E-48AAE319F53A}.Release|Xbox 360.ActiveCfg = Release|Xbox 360
		{35C349D8-6A2F-47D2-A14E-48AAE319F53A}.Release|Xbox 360.Build.0 = Release|Xbox 360
		{C545E35B-2DB7-433E-91A9-3899FF029E7C}.Debug|Any CPU.ActiveCfg = Debug|x86
		{C545E35B-2DB7-433E-91A9-3899FF029E7C}.Debug|Mixed Platforms.ActiveCfg = Debug|x86
		{C545E35B-2DB7-433E-91A9-3899FF029E7C}.Debug|Mixed Platforms.Build.0 = Debug|x86
		{C545E35B-2DB7-433E-91A9-3899FF029E7C}.Debug|x86.ActiveCfg = Debug|x86
		{C545E35B-2DB7-433E-91A9-3899FF029E7C}.Debug|x86.Build.0 = Debug|x86
		{C545E35B-2DB7-433E-91A9-3899FF029E7C}.Debug|Xbox 360.ActiveCfg = Debug|x86
		{C545E35B-2DB7-433E-91A9-3899FF029E7C}.Debug|Xbox 360.Build.0 = Debug|x86
		{C545E35B-2DB7-433E-91A9-3899FF029E7C}.Release|Any CPU.ActiveCfg = Debug|x86
		{C545E35B-2DB7-433E-91A9-3899FF029E7C}.Release|Mixed Platforms.ActiveCfg = Debug|x86
		{C545E35B-2DB7-433E-91A9-3899FF029E7C}.Release|Mixed Platforms.Build.0 = Debug|x86
		{C545E35B-2DB7-433E-91A9-3899FF029E7C}.Release|x86.ActiveCfg = Debug|x86
		{C545E35B-2DB7-433E-91A9-3899FF029E7C}.Release|x86.Build.0 = Debug|x86
		{C545E35B-2DB7-433E-91A9-3899FF029E7C}.Release|Xbox 360.ActiveCfg = Debug|x86
		{C545E35B-2DB7-433E-91A9-3899FF029E7C}.Release|Xbox 360.Build.0 = Debug|x86
		{EFB9947D-7E62-4D89-859E-0AC4191079B4}.Debug|Any CPU.ActiveCfg = Debug|Any CPU
		{EFB9947D-7E62-4D89-859E-0AC4191079B4}.Debug|Mixed Platforms.ActiveCfg = Debug|Any CPU
		{EFB9947D-7E62-4D89-859E-0AC4191079B4}.Debug|x86.ActiveCfg = Debug|Any CPU
		{EFB9947D-7E62-4D89-859E-0AC4191079B4}.Debug|Xbox 360.ActiveCfg = Debug|Any CPU
		{EFB9947D-7E62-4D89-859E-0AC4191079B4}.Release|Any CPU.ActiveCfg = Debug|Any CPU
		{EFB9947D-7E62-4D89-859E-0AC4191079B4}.Release|Mixed Platforms.ActiveCfg = Debug|Any CPU
		{EFB9947D-7E62-4D89-859E-0AC4191079B4}.Release|x86.ActiveCfg = Debug|Any CPU
		{EFB9947D-7E62-4D89-859E-0AC4191079B4}.Release|Xbox 360.ActiveCfg = Debug|Any CPU
	EndGlobalSection
	GlobalSection(SolutionProperties) = preSolution
		HideSolutionNode = FALSE
	EndGlobalSection
EndGlobal
